
Microsoft Visual Studio Solution File, Format Version 12.00
# Visual Studio Version 16
VisualStudioVersion = 16.0.30621.155
MinimumVisualStudioVersion = 10.0.40219.1
Project("{9A19103F-16F7-4668-BE54-9A1E7A4F7556}") = "ProgrammingForTheCloudPT2021", "ProgrammingForTheCloudPT2021\ProgrammingForTheCloudPT2021.csproj", "{1BE362F6-B7D9-45B6-BF57-087B86C70AF3}"
EndProject
Global
	GlobalSection(SolutionConfigurationPlatforms) = preSolution
		Debug|Any CPU = Debug|Any CPU
		Release|Any CPU = Release|Any CPU
	EndGlobalSection
	GlobalSection(ProjectConfigurationPlatforms) = postSolution
		{1BE362F6-B7D9-45B6-BF57-087B86C70AF3}.Debug|Any CPU.ActiveCfg = Debug|Any CPU
		{1BE362F6-B7D9-45B6-BF57-087B86C70AF3}.Debug|Any CPU.Build.0 = Debug|Any CPU
		{1BE362F6-B7D9-45B6-BF57-087B86C70AF3}.Release|Any CPU.ActiveCfg = Release|Any CPU
		{1BE362F6-B7D9-45B6-BF57-087B86C70AF3}.Release|Any CPU.Build.0 = Release|Any CPU
	EndGlobalSection
	GlobalSection(SolutionProperties) = preSolution
		HideSolutionNode = FALSE
	EndGlobalSection
	GlobalSection(ExtensibilityGlobals) = postSolution
		SolutionGuid = {90FBF7B8-3924-48EB-906A-56810A1D4E67}
	EndGlobalSection
EndGlobal
